{
  "name": "nodejs-app",
  "version": "1.0.0",
  "lockfileVersion": 1,
  "requires": true,
  "dependencies": {
    "@open-policy-agent/opa-wasm": {
      "version": "git+https://github.com/open-policy-agent/npm-opa-wasm.git#89c0e05c2c54e66caa6ee0e01fd99ba39083659b",
      "from": "git+https://github.com/open-policy-agent/npm-opa-wasm.git#master",
      "requires": {
        "sprintf-js": "^1.1.2"
      }
    },
    "sprintf-js": {
      "version": "1.1.2",
      "resolved": "https://registry.npmjs.org/sprintf-js/-/sprintf-js-1.1.2.tgz",
      "integrity": "sha512-VE0SOVEHCk7Qc8ulkWw3ntAzXuqf7S2lvwQaDLRnUeIEaKNQJzV6BwmLKhOqT61aGhfUMrXeaBk+oDGCzvhcug=="
    }
  }
}
